
Microsoft Visual Studio Solution File, Format Version 12.00
# Visual Studio Express 2012 for Windows Desktop
Project("{8BC9CEB8-8B4A-11D0-8D11-00A0C91BC942}") = "atomic_queue", "atomic_queue.vcxproj", "{4F7A7FCA-7303-4432-AF81-0F13819F66E6}"
EndProject
Project("{8BC9CEB8-8B4A-11D0-8D11-00A0C91BC942}") = "test_pushpop", "test_pushpop\test_pushpop.vcxproj", "{1905FA4A-EC5B-4B13-87E5-AAA9594D1070}"
EndProject
Project("{8BC9CEB8-8B4A-11D0-8D11-00A0C91BC942}") = "test_destruct", "test_destruct\test_destruct.vcxproj", "{CA2DF31B-07C4-44C5-99A1-2A19D2FA2EA3}"
EndProject
Project("{8BC9CEB8-8B4A-11D0-8D11-00A0C91BC942}") = "test_exceptions", "test_exceptions\test_exceptions.vcxproj", "{938ABD5D-BD8E-4D13-A7A5-689BAB75DBFD}"
EndProject
Project("{8BC9CEB8-8B4A-11D0-8D11-00A0C91BC942}") = "test_construct", "test_construct\test_construct.vcxproj", "{D0C40965-1210-4005-9C73-F9C4726183C9}"
EndProject
Project("{8BC9CEB8-8B4A-11D0-8D11-00A0C91BC942}") = "test_multi_pushpop", "test_multi_pushpop\test_multi_pushpop.vcxproj", "{0A829100-73D0-4B8A-B975-136639982A9F}"
EndProject
Global
	GlobalSection(SolutionConfigurationPlatforms) = preSolution
		Debug|Win32 = Debug|Win32
		Release|Win32 = Release|Win32
	EndGlobalSection
	GlobalSection(ProjectConfigurationPlatforms) = postSolution
		{4F7A7FCA-7303-4432-AF81-0F13819F66E6}.Debug|Win32.ActiveCfg = Debug|Win32
		{4F7A7FCA-7303-4432-AF81-0F13819F66E6}.Debug|Win32.Build.0 = Debug|Win32
		{4F7A7FCA-7303-4432-AF81-0F13819F66E6}.Release|Win32.ActiveCfg = Release|Win32
		{4F7A7FCA-7303-4432-AF81-0F13819F66E6}.Release|Win32.Build.0 = Release|Win32
		{1905FA4A-EC5B-4B13-87E5-AAA9594D1070}.Debug|Win32.ActiveCfg = Debug|Win32
		{1905FA4A-EC5B-4B13-87E5-AAA9594D1070}.Debug|Win32.Build.0 = Debug|Win32
		{1905FA4A-EC5B-4B13-87E5-AAA9594D1070}.Release|Win32.ActiveCfg = Release|Win32
		{1905FA4A-EC5B-4B13-87E5-AAA9594D1070}.Release|Win32.Build.0 = Release|Win32
		{CA2DF31B-07C4-44C5-99A1-2A19D2FA2EA3}.Debug|Win32.ActiveCfg = Debug|Win32
		{CA2DF31B-07C4-44C5-99A1-2A19D2FA2EA3}.Debug|Win32.Build.0 = Debug|Win32
		{CA2DF31B-07C4-44C5-99A1-2A19D2FA2EA3}.Release|Win32.ActiveCfg = Release|Win32
		{CA2DF31B-07C4-44C5-99A1-2A19D2FA2EA3}.Release|Win32.Build.0 = Release|Win32
		{938ABD5D-BD8E-4D13-A7A5-689BAB75DBFD}.Debug|Win32.ActiveCfg = Debug|Win32
		{938ABD5D-BD8E-4D13-A7A5-689BAB75DBFD}.Debug|Win32.Build.0 = Debug|Win32
		{938ABD5D-BD8E-4D13-A7A5-689BAB75DBFD}.Release|Win32.ActiveCfg = Release|Win32
		{938ABD5D-BD8E-4D13-A7A5-689BAB75DBFD}.Release|Win32.Build.0 = Release|Win32
		{D0C40965-1210-4005-9C73-F9C4726183C9}.Debug|Win32.ActiveCfg = Debug|Win32
		{D0C40965-1210-4005-9C73-F9C4726183C9}.Debug|Win32.Build.0 = Debug|Win32
		{D0C40965-1210-4005-9C73-F9C4726183C9}.Release|Win32.ActiveCfg = Release|Win32
		{D0C40965-1210-4005-9C73-F9C4726183C9}.Release|Win32.Build.0 = Release|Win32
		{0A829100-73D0-4B8A-B975-136639982A9F}.Debug|Win32.ActiveCfg = Debug|Win32
		{0A829100-73D0-4B8A-B975-136639982A9F}.Debug|Win32.Build.0 = Debug|Win32
		{0A829100-73D0-4B8A-B975-136639982A9F}.Release|Win32.ActiveCfg = Release|Win32
		{0A829100-73D0-4B8A-B975-136639982A9F}.Release|Win32.Build.0 = Release|Win32
	EndGlobalSection
	GlobalSection(SolutionProperties) = preSolution
		HideSolutionNode = FALSE
	EndGlobalSection
EndGlobal
